
Microsoft Visual Studio Solution File, Format Version 12.00
# Visual Studio Version 17
VisualStudioVersion = 17.8.34408.163
MinimumVisualStudioVersion = 10.0.40219.1
Project("{FAE04EC0-301F-11D3-BF4B-00C04F79EFBC}") = "FunctionAppCICD", "FunctionAppCICD\FunctionAppCICD.csproj", "{F3DAE928-1BC6-4123-A32A-843EED52BD5F}"
EndProject
Project("{FAE04EC0-301F-11D3-BF4B-00C04F79EFBC}") = "WebApi", "WebApi\WebApi.csproj", "{C9D464AA-EC24-4821-A38D-691648DEB202}"
EndProject
Global
	GlobalSection(SolutionConfigurationPlatforms) = preSolution
		Debug|Any CPU = Debug|Any CPU
		Release|Any CPU = Release|Any CPU
	EndGlobalSection
	GlobalSection(ProjectConfigurationPlatforms) = postSolution
		{F3DAE928-1BC6-4123-A32A-843EED52BD5F}.Debug|Any CPU.ActiveCfg = Debug|Any CPU
		{F3DAE928-1BC6-4123-A32A-843EED52BD5F}.Debug|Any CPU.Build.0 = Debug|Any CPU
		{F3DAE928-1BC6-4123-A32A-843EED52BD5F}.Release|Any CPU.ActiveCfg = Release|Any CPU
		{F3DAE928-1BC6-4123-A32A-843EED52BD5F}.Release|Any CPU.Build.0 = Release|Any CPU
		{C9D464AA-EC24-4821-A38D-691648DEB202}.Debug|Any CPU.ActiveCfg = Debug|Any CPU
		{C9D464AA-EC24-4821-A38D-691648DEB202}.Debug|Any CPU.Build.0 = Debug|Any CPU
		{C9D464AA-EC24-4821-A38D-691648DEB202}.Release|Any CPU.ActiveCfg = Release|Any CPU
		{C9D464AA-EC24-4821-A38D-691648DEB202}.Release|Any CPU.Build.0 = Release|Any CPU
	EndGlobalSection
	GlobalSection(SolutionProperties) = preSolution
		HideSolutionNode = FALSE
	EndGlobalSection
	GlobalSection(ExtensibilityGlobals) = postSolution
		SolutionGuid = {CB044F14-4F90-4CCC-85A5-660701985EDB}
	EndGlobalSection
EndGlobal
